Microsoft Visual Studio Solution File, Format Version 12.00
# Visual Studio Version 16
VisualStudioVersion = 16.0.29911.84
MinimumVisualStudioVersion = 10.0.40219.1
Project("{9A19103F-16F7-4668-BE54-9A1E7A4F7556}") = "TrackDiary.UI.Web", "TrackDiary.UI.Web\TrackDiary.UI.Web.csproj", "{4C5A69B6-5ED6-45C8-906B-C201FC8F4216}"
EndProject
Project("{9A19103F-16F7-4668-BE54-9A1E7A4F7556}") = "TrackDiary.Model", "TrackDiary.Model\TrackDiary.Model.csproj", "{586010EB-BBAA-401A-9108-C1124E5507AF}"
EndProject
Project("{2150E333-8FDC-42A3-9474-1A3956D46DE8}") = "Solution Items", "Solution Items", "{1C52EA8F-0312-4C15-B7D4-D5E824F0391C}"
EndProject
Project("{9A19103F-16F7-4668-BE54-9A1E7A4F7556}") = "TrackDiary.Infrastructure.Repositories", "TrackDiary.Infrastructure.Repositories\TrackDiary.Infrastructure.Repositories.csproj", "{2F6462D2-10A2-408F-892C-107AD9670CA2}"
EndProject
Project("{9A19103F-16F7-4668-BE54-9A1E7A4F7556}") = "TrackDiary.Test", "TrackDiary.Test\TrackDiary.Test.csproj", "{F20F7FAF-E9DB-48D3-B873-712336C8F9F8}"
EndProject
Project("{FAE04EC0-301F-11D3-BF4B-00C04F79EFBC}") = "TrackDiary.Infrastructure", "TrackDiary.Infrastructure\TrackDiary.Infrastructure.csproj", "{E6A7CD56-1EB8-4F57-8906-7CA852F4C6FF}"
EndProject
Global
	GlobalSection(SolutionConfigurationPlatforms) = preSolution
		Debug|Any CPU = Debug|Any CPU
		Release|Any CPU = Release|Any CPU
	EndGlobalSection
	GlobalSection(ProjectConfigurationPlatforms) = postSolution
		{4C5A69B6-5ED6-45C8-906B-C201FC8F4216}.Debug|Any CPU.ActiveCfg = Debug|Any CPU
		{4C5A69B6-5ED6-45C8-906B-C201FC8F4216}.Debug|Any CPU.Build.0 = Debug|Any CPU
		{4C5A69B6-5ED6-45C8-906B-C201FC8F4216}.Release|Any CPU.ActiveCfg = Release|Any CPU
		{4C5A69B6-5ED6-45C8-906B-C201FC8F4216}.Release|Any CPU.Build.0 = Release|Any CPU
		{586010EB-BBAA-401A-9108-C1124E5507AF}.Debug|Any CPU.ActiveCfg = Debug|Any CPU
		{586010EB-BBAA-401A-9108-C1124E5507AF}.Debug|Any CPU.Build.0 = Debug|Any CPU
		{586010EB-BBAA-401A-9108-C1124E5507AF}.Release|Any CPU.ActiveCfg = Release|Any CPU
		{586010EB-BBAA-401A-9108-C1124E5507AF}.Release|Any CPU.Build.0 = Release|Any CPU
		{2F6462D2-10A2-408F-892C-107AD9670CA2}.Debug|Any CPU.ActiveCfg = Debug|Any CPU
		{2F6462D2-10A2-408F-892C-107AD9670CA2}.Debug|Any CPU.Build.0 = Debug|Any CPU
		{2F6462D2-10A2-408F-892C-107AD9670CA2}.Release|Any CPU.ActiveCfg = Release|Any CPU
		{2F6462D2-10A2-408F-892C-107AD9670CA2}.Release|Any CPU.Build.0 = Release|Any CPU
		{F20F7FAF-E9DB-48D3-B873-712336C8F9F8}.Debug|Any CPU.ActiveCfg = Debug|Any CPU
		{F20F7FAF-E9DB-48D3-B873-712336C8F9F8}.Debug|Any CPU.Build.0 = Debug|Any CPU
		{F20F7FAF-E9DB-48D3-B873-712336C8F9F8}.Release|Any CPU.ActiveCfg = Release|Any CPU
		{F20F7FAF-E9DB-48D3-B873-712336C8F9F8}.Release|Any CPU.Build.0 = Release|Any CPU
		{E6A7CD56-1EB8-4F57-8906-7CA852F4C6FF}.Debug|Any CPU.ActiveCfg = Debug|Any CPU
		{E6A7CD56-1EB8-4F57-8906-7CA852F4C6FF}.Debug|Any CPU.Build.0 = Debug|Any CPU
		{E6A7CD56-1EB8-4F57-8906-7CA852F4C6FF}.Release|Any CPU.ActiveCfg = Release|Any CPU
		{E6A7CD56-1EB8-4F57-8906-7CA852F4C6FF}.Release|Any CPU.Build.0 = Release|Any CPU
	EndGlobalSection
	GlobalSection(SolutionProperties) = preSolution
		HideSolutionNode = FALSE
	EndGlobalSection
	GlobalSection(ExtensibilityGlobals) = postSolution
		SolutionGuid = {A18D776F-771D-4489-8A45-8FF8464E5678}
	EndGlobalSection
EndGlobal
